// !$*UTF8*$!
{
	archiveVersion = 1;
	classes = {
	};
	objectVersion = 46;
	objects = {

/* Begin PBXBuildFile section */
		23E057871A3F133C004D99EC /* Array.swift in Sources */ = {isa = PBXBuildFile; fileRef = 23E057861A3F133C004D99EC /* Array.swift */; };
		23E057891A3F1570004D99EC /* combinationLogic.swift in Sources */ = {isa = PBXBuildFile; fileRef = 23E057881A3F1570004D99EC /* combinationLogic.swift */; };
		23E0578B1A3F15A2004D99EC /* functions.swift in Sources */ = {isa = PBXBuildFile; fileRef = 23E0578A1A3F15A2004D99EC /* functions.swift */; };
		23EFD8371A1C23C000B89461 /* main.swift in Sources */ = {isa = PBXBuildFile; fileRef = 23EFD8361A1C23C000B89461 /* main.swift */; };
/* End PBXBuildFile section */

/* Begin PBXCopyFilesBuildPhase section */
		23EFD8311A1C23C000B89461 /* CopyFiles */ = {
			isa = PBXCopyFilesBuildPhase;
			buildActionMask = 2147483647;
			dstPath = /usr/share/man/man1/;
			dstSubfolderSpec = 0;
			files = (
			);
			runOnlyForDeploymentPostprocessing = 1;
		};
/* End PBXCopyFilesBuildPhase section */

/* Begin PBXFileReference section */
		23E057861A3F133C004D99EC /* Array.swift */ = {isa = PBXFileReference; fileEncoding = 4; lastKnownFileType = sourcecode.swift; path = Array.swift; sourceTree = "<group>"; };
		23E057881A3F1570004D99EC /* combinationLogic.swift */ = {isa = PBXFileReference; fileEncoding = 4; lastKnownFileType = sourcecode.swift; path = combinationLogic.swift; sourceTree = "<group>"; };
		23E0578A1A3F15A2004D99EC /* functions.swift */ = {isa = PBXFileReference; fileEncoding = 4; lastKnownFileType = sourcecode.swift; path = functions.swift; sourceTree = "<group>"; };
		23EFD8331A1C23C000B89461 /* swift_combination */ = {isa = PBXFileReference; explicitFileType = "compiled.mach-o.executable"; includeInIndex = 0; path = swift_combination; sourceTree = BUILT_PRODUCTS_DIR; };
		23EFD8361A1C23C000B89461 /* main.swift */ = {isa = PBXFileReference; lastKnownFileType = sourcecode.swift; path = main.swift; sourceTree = "<group>"; };
/* End PBXFileReference section */

/* Begin PBXFrameworksBuildPhase section */
		23EFD8301A1C23C000B89461 /* Frameworks */ = {
			isa = PBXFrameworksBuildPhase;
			buildActionMask = 2147483647;
			files = (
			);
			runOnlyForDeploymentPostprocessing = 0;
		};
/* End PBXFrameworksBuildPhase section */

/* Begin PBXGroup section */
		23EFD82A1A1C23C000B89461 = {
			isa = PBXGroup;
			children = (
				23EFD8351A1C23C000B89461 /* swift_combination */,
				23EFD8341A1C23C000B89461 /* Products */,
			);
			sourceTree = "<group>";
		};
		23EFD8341A1C23C000B89461 /* Products */ = {
			isa = PBXGroup;
			children = (
				23EFD8331A1C23C000B89461 /* swift_combination */,
			);
			name = Products;
			sourceTree = "<group>";
		};
		23EFD8351A1C23C000B89461 /* swift_combination */ = {
			isa = PBXGroup;
			children = (
				23E057881A3F1570004D99EC /* combinationLogic.swift */,
				23E0578A1A3F15A2004D99EC /* functions.swift */,
				23E057861A3F133C004D99EC /* Array.swift */,
				23EFD8361A1C23C000B89461 /* main.swift */,
			);
			path = swift_combination;
			sourceTree = "<group>";
		};
/* End PBXGroup section */

/* Begin PBXNativeTarget section */
		23EFD8321A1C23C000B89461 /* swift_combination */ = {
			isa = PBXNativeTarget;
			buildConfigurationList = 23EFD83A1A1C23C000B89461 /* Build configuration list for PBXNativeTarget "swift_combination" */;
			buildPhases = (
				23EFD82F1A1C23C000B89461 /* Sources */,
				23EFD8301A1C23C000B89461 /* Frameworks */,
				23EFD8311A1C23C000B89461 /* CopyFiles */,
			);
			buildRules = (
			);
			dependencies = (
			);
			name = swift_combination;
			productName = swift_combination;
			productReference = 23EFD8331A1C23C000B89461 /* swift_combination */;
			productType = "com.apple.product-type.tool";
		};
/* End PBXNativeTarget section */

/* Begin PBXProject section */
		23EFD82B1A1C23C000B89461 /* Project object */ = {
			isa = PBXProject;
			attributes = {
				LastSwiftMigration = 0730;
				LastSwiftUpdateCheck = 0730;
				LastUpgradeCheck = 0800;
				ORGANIZATIONNAME = "Keita Okamoto";
				TargetAttributes = {
					23EFD8321A1C23C000B89461 = {
						CreatedOnToolsVersion = 6.1;
						DevelopmentTeam = 7BHFWYE2FM;
						LastSwiftMigration = 0800;
						ProvisioningStyle = Automatic;
					};
				};
			};
			buildConfigurationList = 23EFD82E1A1C23C000B89461 /* Build configuration list for PBXProject "swift_combination" */;
			compatibilityVersion = "Xcode 3.2";
			developmentRegion = English;
			hasScannedForEncodings = 0;
			knownRegions = (
				en,
			);
			mainGroup = 23EFD82A1A1C23C000B89461;
			productRefGroup = 23EFD8341A1C23C000B89461 /* Products */;
			projectDirPath = "";
			projectRoot = "";
			targets = (
				23EFD8321A1C23C000B89461 /* swift_combination */,
			);
		};
/* End PBXProject section */

/* Begin PBXSourcesBuildPhase section */
		23EFD82F1A1C23C000B89461 /* Sources */ = {
			isa = PBXSourcesBuildPhase;
			buildActionMask = 2147483647;
			files = (
				23E057871A3F133C004D99EC /* Array.swift in Sources */,
				23E0578B1A3F15A2004D99EC /* functions.swift in Sources */,
				23EFD8371A1C23C000B89461 /* main.swift in Sources */,
				23E057891A3F1570004D99EC /* combinationLogic.swift in Sources */,
			);
			runOnlyForDeploymentPostprocessing = 0;
		};
/* End PBXSourcesBuildPhase section */

/* Begin XCBuildConfiguration section */
		23EFD8381A1C23C000B89461 /* Debug */ = {
			isa = XCBuildConfiguration;
			buildSettings = {
				ALWAYS_SEARCH_USER_PATHS = NO;
				CLANG_CXX_LANGUAGE_STANDARD = "gnu++0x";
				CLANG_CXX_LIBRARY = "libc++";
				CLANG_ENABLE_MODULES = YES;
				CLANG_ENABLE_OBJC_ARC = YES;
				CLANG_WARN_BOOL_CONVERSION = YES;
				CLANG_WARN_CONSTANT_CONVERSION = YES;
				CLANG_WARN_DIRECT_OBJC_ISA_USAGE = YES_ERROR;
				CLANG_WARN_EMPTY_BODY = YES;
				CLANG_WARN_ENUM_CONVERSION = YES;
				CLANG_WARN_INFINITE_RECURSION = YES;
				CLANG_WARN_INT_CONVERSION = YES;
				CLANG_WARN_OBJC_ROOT_CLASS = YES_ERROR;
				CLANG_WARN_SUSPICIOUS_MOVE = YES;
				CLANG_WARN_UNREACHABLE_CODE = YES;
				CLANG_WARN__DUPLICATE_METHOD_MATCH = YES;
				COPY_PHASE_STRIP = NO;
				ENABLE_STRICT_OBJC_MSGSEND = YES;
				ENABLE_TESTABILITY = YES;
				GCC_C_LANGUAGE_STANDARD = gnu99;
				GCC_DYNAMIC_NO_PIC = NO;
				GCC_NO_COMMON_BLOCKS = YES;
				GCC_OPTIMIZATION_LEVEL = 0;
				GCC_PREPROCESSOR_DEFINITIONS = (
					"DEBUG=1",
					"$(inherited)",
				);
				GCC_SYMBOLS_PRIVATE_EXTERN = NO;
				GCC_WARN_64_TO_32_BIT_CONVERSION = YES;
				GCC_WARN_ABOUT_RETURN_TYPE = YES_ERROR;
				GCC_WARN_UNDECLARED_SELECTOR = YES;
				GCC_WARN_UNINITIALIZED_AUTOS = YES_AGGRESSIVE;
				GCC_WARN_UNUSED_FUNCTION = YES;
				GCC_WARN_UNUSED_VARIABLE = YES;
				MACOSX_DEPLOYMENT_TARGET = 10.12;
				MTL_ENABLE_DEBUG_INFO = YES;
				ONLY_ACTIVE_ARCH = YES;
				SDKROOT = macosx;
				SWIFT_OPTIMIZATION_LEVEL = "-Onone";
			};
			name = Debug;
		};
		23EFD8391A1C23C000B89461 /* Release */ = {
			isa = XCBuildConfiguration;
			buildSettings = {
				ALWAYS_SEARCH_USER_PATHS = NO;
				CLANG_CXX_LANGUAGE_STANDARD = "gnu++0x";
				CLANG_CXX_LIBRARY = "libc++";
				CLANG_ENABLE_MODULES = YES;
				CLANG_ENABLE_OBJC_ARC = YES;
				CLANG_WARN_BOOL_CONVERSION = YES;
				CLANG_WARN_CONSTANT_CONVERSION = YES;
				CLANG_WARN_DIRECT_OBJC_ISA_USAGE = YES_ERROR;
				CLANG_WARN_EMPTY_BODY = YES;
				CLANG_WARN_ENUM_CONVERSION = YES;
				CLANG_WARN_INFINITE_RECURSION = YES;
				CLANG_WARN_INT_CONVERSION = YES;
				CLANG_WARN_OBJC_ROOT_CLASS = YES_ERROR;
				CLANG_WARN_SUSPICIOUS_MOVE = YES;
				CLANG_WARN_UNREACHABLE_CODE = YES;
				CLANG_WARN__DUPLICATE_METHOD_MATCH = YES;
				COPY_PHASE_STRIP = YES;
				DEBUG_INFORMATION_FORMAT = "dwarf-with-dsym";
				ENABLE_NS_ASSERTIONS = NO;
				ENABLE_STRICT_OBJC_MSGSEND = YES;
				GCC_C_LANGUAGE_STANDARD = gnu99;
				GCC_NO_COMMON_BLOCKS = YES;
				GCC_WARN_64_TO_32_BIT_CONVERSION = YES;
				GCC_WARN_ABOUT_RETURN_TYPE = YES_ERROR;
				GCC_WARN_UNDECLARED_SELECTOR = YES;
				GCC_WARN_UNINITIALIZED_AUTOS = YES_AGGRESSIVE;
				GCC_WARN_UNUSED_FUNCTION = YES;
				GCC_WARN_UNUSED_VARIABLE = YES;
				MACOSX_DEPLOYMENT_TARGET = 10.12;
				MTL_ENABLE_DEBUG_INFO = NO;
				SDKROOT = macosx;
				SWIFT_OPTIMIZATION_LEVEL = "-Owholemodule";
			};
			name = Release;
		};
		23EFD83B1A1C23C000B89461 /* Debug */ = {
			isa = XCBuildConfiguration;
			buildSettings = {
				CODE_SIGN_IDENTITY = "Mac Developer";
				DEVELOPMENT_TEAM = 7BHFWYE2FM;
				MACOSX_DEPLOYMENT_TARGET = 10.12;
				PRODUCT_NAME = "$(TARGET_NAME)";
				SWIFT_VERSION = 3.0;
			};
			name = Debug;
		};
		23EFD83C1A1C23C000B89461 /* Release */ = {
			isa = XCBuildConfiguration;
			buildSettings = {
				CODE_SIGN_IDENTITY = "Mac Developer";
				DEVELOPMENT_TEAM = 7BHFWYE2FM;
				MACOSX_DEPLOYMENT_TARGET = 10.12;
				PRODUCT_NAME = "$(TARGET_NAME)";
				SWIFT_VERSION = 3.0;
			};
			name = Release;
		};
/* End XCBuildConfiguration section */

/* Begin XCConfigurationList section */
		23EFD82E1A1C23C000B89461 /* Build configuration list for PBXProject "swift_combination" */ = {
			isa = XCConfigurationList;
			buildConfigurations = (
				23EFD8381A1C23C000B89461 /* Debug */,
				23EFD8391A1C23C000B89461 /* Release */,
			);
			defaultConfigurationIsVisible = 0;
			defaultConfigurationName = Release;
		};
		23EFD83A1A1C23C000B89461 /* Build configuration list for PBXNativeTarget "swift_combination" */ = {
			isa = XCConfigurationList;
			buildConfigurations = (
				23EFD83B1A1C23C000B89461 /* Debug */,
				23EFD83C1A1C23C000B89461 /* Release */,
			);
			defaultConfigurationIsVisible = 0;
			defaultConfigurationName = Release;
		};
/* End XCConfigurationList section */
	};
	rootObject = 23EFD82B1A1C23C000B89461 /* Project object */;
}
